
Microsoft Visual Studio Solution File, Format Version 12.00
# Visual Studio Version 17
VisualStudioVersion = 17.3.32901.215
MinimumVisualStudioVersion = 10.0.40219.1
Project("{FAE04EC0-301F-11D3-BF4B-00C04F79EFBC}") = "EGE", "EGE\EGE.csproj", "{13BA93B3-438D-433D-B99D-EDE0984A436C}"
EndProject
Global
	GlobalSection(SolutionConfigurationPlatforms) = preSolution
		Debug|Any CPU = Debug|Any CPU
		Release|Any CPU = Release|Any CPU
	EndGlobalSection
	GlobalSection(ProjectConfigurationPlatforms) = postSolution
		{13BA93B3-438D-433D-B99D-EDE0984A436C}.Debug|Any CPU.ActiveCfg = Debug|Any CPU
		{13BA93B3-438D-433D-B99D-EDE0984A436C}.Debug|Any CPU.Build.0 = Debug|Any CPU
		{13BA93B3-438D-433D-B99D-EDE0984A436C}.Release|Any CPU.ActiveCfg = Release|Any CPU
		{13BA93B3-438D-433D-B99D-EDE0984A436C}.Release|Any CPU.Build.0 = Release|Any CPU
	EndGlobalSection
	GlobalSection(SolutionProperties) = preSolution
		HideSolutionNode = FALSE
	EndGlobalSection
	GlobalSection(ExtensibilityGlobals) = postSolution
		SolutionGuid = {DEBE7E63-48B6-4EA2-AC71-EB54D91867AB}
	EndGlobalSection
EndGlobal
